
Microsoft Visual Studio Solution File, Format Version 12.00
# Visual Studio Version 17
VisualStudioVersion = 17.6.33815.320
MinimumVisualStudioVersion = 10.0.40219.1
Project("{9A19103F-16F7-4668-BE54-9A1E7A4F7556}") = "GeometricAlgebraFulcrumLib.Lite", "GeometricAlgebraFulcrumLib.Lite\GeometricAlgebraFulcrumLib.Lite.csproj", "{3E7A3B25-5101-488E-BA8F-B9B45362DD50}"
EndProject
Project("{9A19103F-16F7-4668-BE54-9A1E7A4F7556}") = "DataStructuresLib", "..\DataStructuresLib\DataStructuresLib\DataStructuresLib.csproj", "{35A89C9E-707A-44C8-A494-67FABE51BDFE}"
EndProject
Global
	GlobalSection(SolutionConfigurationPlatforms) = preSolution
		Debug|Any CPU = Debug|Any CPU
		Debug|x64 = Debug|x64
		Release|Any CPU = Release|Any CPU
		Release|x64 = Release|x64
	EndGlobalSection
	GlobalSection(ProjectConfigurationPlatforms) = postSolution
		{3E7A3B25-5101-488E-BA8F-B9B45362DD50}.Debug|Any CPU.ActiveCfg = Debug|Any CPU
		{3E7A3B25-5101-488E-BA8F-B9B45362DD50}.Debug|Any CPU.Build.0 = Debug|Any CPU
		{3E7A3B25-5101-488E-BA8F-B9B45362DD50}.Debug|x64.ActiveCfg = Debug|Any CPU
		{3E7A3B25-5101-488E-BA8F-B9B45362DD50}.Debug|x64.Build.0 = Debug|Any CPU
		{3E7A3B25-5101-488E-BA8F-B9B45362DD50}.Release|Any CPU.ActiveCfg = Release|Any CPU
		{3E7A3B25-5101-488E-BA8F-B9B45362DD50}.Release|Any CPU.Build.0 = Release|Any CPU
		{3E7A3B25-5101-488E-BA8F-B9B45362DD50}.Release|x64.ActiveCfg = Release|Any CPU
		{3E7A3B25-5101-488E-BA8F-B9B45362DD50}.Release|x64.Build.0 = Release|Any CPU
		{35A89C9E-707A-44C8-A494-67FABE51BDFE}.Debug|Any CPU.ActiveCfg = Debug|Any CPU
		{35A89C9E-707A-44C8-A494-67FABE51BDFE}.Debug|Any CPU.Build.0 = Debug|Any CPU
		{35A89C9E-707A-44C8-A494-67FABE51BDFE}.Debug|x64.ActiveCfg = Debug|x64
		{35A89C9E-707A-44C8-A494-67FABE51BDFE}.Debug|x64.Build.0 = Debug|x64
		{35A89C9E-707A-44C8-A494-67FABE51BDFE}.Release|Any CPU.ActiveCfg = Release|Any CPU
		{35A89C9E-707A-44C8-A494-67FABE51BDFE}.Release|Any CPU.Build.0 = Release|Any CPU
		{35A89C9E-707A-44C8-A494-67FABE51BDFE}.Release|x64.ActiveCfg = Release|x64
		{35A89C9E-707A-44C8-A494-67FABE51BDFE}.Release|x64.Build.0 = Release|x64
	EndGlobalSection
	GlobalSection(SolutionProperties) = preSolution
		HideSolutionNode = FALSE
	EndGlobalSection
	GlobalSection(ExtensibilityGlobals) = postSolution
		SolutionGuid = {3607CB63-D392-4FDB-942A-C75D967F3D9A}
	EndGlobalSection
EndGlobal
